
Microsoft Visual Studio Solution File, Format Version 12.00
# Visual Studio Version 17
VisualStudioVersion = 17.6.33829.357
MinimumVisualStudioVersion = 10.0.40219.1
Project("{FAE04EC0-301F-11D3-BF4B-00C04F79EFBC}") = "WebApplicationProject", "WebApplicationProject\WebApplicationProject.csproj", "{417EB48F-F985-4A28-A25F-42B63A32FF1E}"
EndProject
Global
	GlobalSection(SolutionConfigurationPlatforms) = preSolution
		Debug|Any CPU = Debug|Any CPU
		Release|Any CPU = Release|Any CPU
	EndGlobalSection
	GlobalSection(ProjectConfigurationPlatforms) = postSolution
		{417EB48F-F985-4A28-A25F-42B63A32FF1E}.Debug|Any CPU.ActiveCfg = Debug|Any CPU
		{417EB48F-F985-4A28-A25F-42B63A32FF1E}.Debug|Any CPU.Build.0 = Debug|Any CPU
		{417EB48F-F985-4A28-A25F-42B63A32FF1E}.Release|Any CPU.ActiveCfg = Release|Any CPU
		{417EB48F-F985-4A28-A25F-42B63A32FF1E}.Release|Any CPU.Build.0 = Release|Any CPU
	EndGlobalSection
	GlobalSection(SolutionProperties) = preSolution
		HideSolutionNode = FALSE
	EndGlobalSection
	GlobalSection(ExtensibilityGlobals) = postSolution
		SolutionGuid = {25A90C91-8006-4196-97F1-4FBE4FCB8E7B}
	EndGlobalSection
EndGlobal
